
Microsoft Visual Studio Solution File, Format Version 12.00
# Visual Studio 15
VisualStudioVersion = 15.0.27703.2035
MinimumVisualStudioVersion = 10.0.40219.1
Project("{FAE04EC0-301F-11D3-BF4B-00C04F79EFBC}") = "Basket", "Basket.csproj", "{5C4457D8-8B62-47C5-A468-08DAFD2C35B2}"
EndProject
Global
	GlobalSection(SolutionConfigurationPlatforms) = preSolution
		Debug|Any CPU = Debug|Any CPU
		Release|Any CPU = Release|Any CPU
	EndGlobalSection
	GlobalSection(ProjectConfigurationPlatforms) = postSolution
		{5C4457D8-8B62-47C5-A468-08DAFD2C35B2}.Debug|Any CPU.ActiveCfg = Debug|Any CPU
		{5C4457D8-8B62-47C5-A468-08DAFD2C35B2}.Debug|Any CPU.Build.0 = Debug|Any CPU
		{5C4457D8-8B62-47C5-A468-08DAFD2C35B2}.Release|Any CPU.ActiveCfg = Release|Any CPU
		{5C4457D8-8B62-47C5-A468-08DAFD2C35B2}.Release|Any CPU.Build.0 = Release|Any CPU
	EndGlobalSection
	GlobalSection(SolutionProperties) = preSolution
		HideSolutionNode = FALSE
	EndGlobalSection
	GlobalSection(ExtensibilityGlobals) = postSolution
		SolutionGuid = {919C02C1-6C68-4C80-8B19-2087A93B50F0}
	EndGlobalSection
EndGlobal
